
Microsoft Visual Studio Solution File, Format Version 12.00
# Visual Studio Version 16
VisualStudioVersion = 16.0.28606.126
MinimumVisualStudioVersion = 10.0.40219.1
Project("{FAE04EC0-301F-11D3-BF4B-00C04F79EFBC}") = "Linxens.Gui", "Linxens.Gui\Linxens.Gui.csproj", "{3E59F775-A548-40C2-90BB-B56ADFE30465}"
EndProject
Project("{FAE04EC0-301F-11D3-BF4B-00C04F79EFBC}") = "Linxens.Core", "Linxens.Core\Linxens.Core.csproj", "{4B673F91-A3A6-480D-936B-3227A56E3DF5}"
EndProject
Project("{9A19103F-16F7-4668-BE54-9A1E7A4F7556}") = "Linxens.Tests", "Linxens.Tests\Linxens.Tests.csproj", "{C27DBD9C-F13F-4674-9BF1-87650A39C4BC}"
EndProject
Global
	GlobalSection(SolutionConfigurationPlatforms) = preSolution
		Debug|Any CPU = Debug|Any CPU
		Release|Any CPU = Release|Any CPU
	EndGlobalSection
	GlobalSection(ProjectConfigurationPlatforms) = postSolution
		{3E59F775-A548-40C2-90BB-B56ADFE30465}.Debug|Any CPU.ActiveCfg = Debug|Any CPU
		{3E59F775-A548-40C2-90BB-B56ADFE30465}.Debug|Any CPU.Build.0 = Debug|Any CPU
		{3E59F775-A548-40C2-90BB-B56ADFE30465}.Release|Any CPU.ActiveCfg = Release|Any CPU
		{3E59F775-A548-40C2-90BB-B56ADFE30465}.Release|Any CPU.Build.0 = Release|Any CPU
		{4B673F91-A3A6-480D-936B-3227A56E3DF5}.Debug|Any CPU.ActiveCfg = Debug|Any CPU
		{4B673F91-A3A6-480D-936B-3227A56E3DF5}.Debug|Any CPU.Build.0 = Debug|Any CPU
		{4B673F91-A3A6-480D-936B-3227A56E3DF5}.Release|Any CPU.ActiveCfg = Release|Any CPU
		{4B673F91-A3A6-480D-936B-3227A56E3DF5}.Release|Any CPU.Build.0 = Release|Any CPU
		{C27DBD9C-F13F-4674-9BF1-87650A39C4BC}.Debug|Any CPU.ActiveCfg = Debug|Any CPU
		{C27DBD9C-F13F-4674-9BF1-87650A39C4BC}.Debug|Any CPU.Build.0 = Debug|Any CPU
		{C27DBD9C-F13F-4674-9BF1-87650A39C4BC}.Release|Any CPU.ActiveCfg = Release|Any CPU
		{C27DBD9C-F13F-4674-9BF1-87650A39C4BC}.Release|Any CPU.Build.0 = Release|Any CPU
	EndGlobalSection
	GlobalSection(SolutionProperties) = preSolution
		HideSolutionNode = FALSE
	EndGlobalSection
	GlobalSection(ExtensibilityGlobals) = postSolution
		SolutionGuid = {152E03E4-1413-49D6-9F9B-3ECAB966E323}
	EndGlobalSection
EndGlobal
